github.com/Azure/azure-sdk-for-go/sdk/azcore v1.22.0 h1:aokoqcHvaGjiM3VpjKDfMMnF/8epJ+Q1HLJ7CudztqE=
github.com/Azure/azure-sdk-for-go/sdk/azcore v1.22.0/go.mod h1:/WYEx9pcM9Y+Dd/APJaNlSvVSvzl54rrMdZT5+Oi2LM=
github.com/Azure/azure-sdk-for-go/sdk/azidentity v1.14.0 h1:CU4+EJeJi3TKYWEcYuSdWsjzw0nVsK/H0MSQOiPcymU=
github.com/Azure/azure-sdk-for-go/sdk/azidentity v1.14.0/go.mod h1:q0+UTSRvShwUCrR/s5HtyInYphN7Wvxb7snFM3u+SLA=
github.com/Azure/azure-sdk-for-go/sdk/internal v1.12.0 h1:fhqpLE3UEXi9lPaBRpQ6XuRW0nU7hgg4zlmZZa+a9q4=
github.com/Azure/azure-sdk-for-go/sdk/internal v1.12.0/go.mod h1:7dCRMLwisfRH3dBupKeNCioWYUZ4SS09Z14H+7i8ZoY=
github.com/Azure/azure-sdk-for-go/sdk/resourcemanager/compute/armcompute/v8 v8.2.0 h1:WazERlTJNPkU74ZSp8vT77bHSCh3HSn8hu2iPqaEyt4=
github.com/Azure/azure-sdk-for-go/sdk/resourcemanager/compute/armcompute/v8 v8.2.0/go.mod h1:E+lMyo/54sqYcxG3b2DJP+aUp2xP3VVDcYdyNYKdu74=
github.com/Azure/azure-sdk-for-go/sdk/resourcemanager/internal/v3 v3.2.0 h1:+lnLQhKh3cgSOIOVH61UZ3s/l9d+bAZp5d/spt1+7UI=
github.com/Azure/azure-sdk-for-go/sdk/resourcemanager/internal/v3 v3.2.0/go.mod h1:tStOHrivWUrcBolspvKV70Us1ckESYGYSHdG4LX8zyY=
github.com/Azure/azure-sdk-for-go/sdk/resourcemanager/resources/armdeployments v1.0.0 h1:67nFqWXpo0x5Nz0XEb1yI7s8D+EHy8NsTinYw9sZnLk=
github.com/Azure/azure-sdk-for-go/sdk/resourcemanager/resources/armdeployments v1.0.0/go.mod h1:fewgRjNVE84QVVh798sIMFb7gPXPp7NmnekGnboSnXk=
github.com/Azure/azure-sdk-for-go/sdk/resourcemanager/resources/armresources/v3 v3.0.1 h1:guyQA4b8XB2sbJZXzUnOF9mn0WDBv/ZT7me9wTipKtE=
github.com/Azure/azure-sdk-for-go/sdk/resourcemanager/resources/armresources/v3 v3.0.1/go.mod h1:8h8yhzh9o+0HeSIhUxYny+rEQajScrfIpNktvgYG3Q8=
github.com/Azure/azure-sdk-for-go/sdk/resourcemanager/resources/armresources/v4 v4.0.0 h1:LXGvNeGX6VLx1S+wk3bbWrYWZuVow84Mny4T1I0CgBw=
github.com/Azure/azure-sdk-for-go/sdk/resourcemanager/resources/armresources/v4 v4.0.0/go.mod h1:IJLGVEPS/CqR2k0Q+EzmHqus1F69g5TCYzLFSWUM0Yw=
github.com/Azure/azure-sdk-for-go/sdk/resourcemanager/storage/armstorage v1.8.1 h1:/Zt+cDPnpC3OVDm/JKLOs7M2DKmLRIIp3XIx9pHHiig=
github.com/Azure/azure-sdk-for-go/sdk/resourcemanager/storage/armstorage v1.8.1/go.mod h1:Ng3urmn6dYe8gnbCMoHHVl5APYz2txho3koEkV2o2HA=
github.com/Azure/azure-sdk-for-go/sdk/resourcemanager/storage/armstorage/v4 v4.1.0 h1:LbdgZl0olU2QZ6oPuFRfjq6oSAE+Y3afpAMTtH1O9gY=
github.com/Azure/azure-sdk-for-go/sdk/resourcemanager/storage/armstorage/v4 v4.1.0/go.mod h1:U1yQRidgRofesJpSYiJWogdsrj24Xa0J4lR1HYb9Bd8=
github.com/Azure/azure-sdk-for-go/sdk/storage/azblob v1.8.0 h1:irsmOWwkp0KCTTNS5e2hdFeIvSQClQo2No3IaNmL3Vw=
github.com/Azure/azure-sdk-for-go/sdk/storage/azblob v1.8.0/go.mod h1:GWcBkQj3MqN7ozHKLaCCAuNLiXoIGv2RtanfAwSjY/Y=
github.com/Azure/azure-sdk-for-go/sdk/storage/azqueue/v2 v2.1.0 h1:gXi/Szhrv+GERejSQGd1+2VMKE2lz1SqJ+Px6sx5+XY=
github.com/Azure/azure-sdk-for-go/sdk/storage/azqueue/v2 v2.1.0/go.mod h1:zndd0BC0AUGjy5o0DCrUGj5U5DM0Hekn+1IvHIWdmFY=
github.com/AzureAD/microsoft-authentication-library-for-go v1.7.2 h1:RHK7bS+HQMslb1sZpAokUt+zTVmue0hKSs2C791hhzU=
github.com/AzureAD/microsoft-authentication-library-for-go v1.7.2/go.mod h1:HKpQxkWaGLJ+D/5H8QRpyQXA1eKjxkFlOMwck5+33Jk=
github.com/Microsoft/go-winio v0.6.2 h1:F2VQgta7ecxGYO8k3ZZz3RS8fVIXVxONVUPlNERoyfY=
github.com/Microsoft/go-winio v0.6.2/go.mod h1:yd8OoFMLzJbo9gZq8j5qaps8bJ9aShtEA8Ipt1oGCvU=
github.com/agext/levenshtein v1.2.2 h1:0S/Yg6LYmFJ5stwQeRp6EeOcCbj7xiqQSdNelsXvaqE=
github.com/agext/levenshtein v1.2.2/go.mod h1:JEDfjyjHDjOF/1e4FlBE/PkbqA9OfWu2ki2W0IB5558=
github.com/apparentlymart/go-textseg/v15 v15.0.0 h1:uYvfpb3DyLSCGWnctWKGj857c6ew1u1fNQOlOtuGxQY=
github.com/apparentlymart/go-textseg/v15 v15.0.0/go.mod h1:K8XmNZdhEBkdlyDdvbmmsvpAG721bKi0joRfFdHIWJ4=
github.com/aws/aws-sdk-go-v2 v1.43.3 h1:XJIcfv8uDs2ukdQsoAC8/Ebu1ejxwzlayl2ZsiFns2A=
github.com/aws/aws-sdk-go-v2 v1.43.3/go.mod h1:70vwSy16txshwG+g55WkpgPKDIByzHI8ccBsOteo3bQ=
github.com/aws/aws-sdk-go-v2 v1.43.5 h1:yKT5GYnFWhuDo+DqKvE5ZPwVn3RjC4MAeBtZGlh6AVM=
github.com/aws/aws-sdk-go-v2 v1.43.5/go.mod h1:wZjAJppCntyOGgVSmgVTfDyRJK5PHOasO6Wsy8U7Axk=
github.com/aws/aws-sdk-go-v2/aws/protocol/eventstream v1.7.15 h1:rq/p1VNFfygoKEQ9hHMKsKBE98lspPvT8IxaFs5mFhw=
github.com/aws/aws-sdk-go-v2/aws/protocol/eventstream v1.7.15/go.mod h1:bELIhlPfW8OkpDhP1MvCjHDtvv8NhiBTz+K4o26zrXA=
github.com/aws/aws-sdk-go-v2/aws/protocol/eventstream v1.7.17 h1:mn+Vxb9zgz/FE/yDTcFim3DZ1qpcrxR+qBQkBrl6bzA=
github.com/aws/aws-sdk-go-v2/aws/protocol/eventstream v1.7.17/go.mod h1:eDfmEFxu+BSVsUGLbzJhWjpOurv1mqczClS97yI8wdk=
github.com/aws/aws-sdk-go-v2/config v1.32.33 h1:M1m/Q6f0OKDEDGwhiNOqx1OjTdrewe3v+GDbHmKczWk=
github.com/aws/aws-sdk-go-v2/config v1.32.33/go.mod h1:fGj1iQj2QpIZzp7jE4aQQ+71TE8cd4z9K4+xCd6EqmE=
github.com/aws/aws-sdk-go-v2/config v1.32.36 h1:mX6ietU7UlB4w/2IUaexJdsyUDvhTd+jYPjVePiyi6s=
github.com/aws/aws-sdk-go-v2/config v1.32.36/go.mod h1:rMpV4xk7ZK59edraSaHP0jsWrztWTT5tbCwWY495hug=
github.com/aws/aws-sdk-go-v2/credentials v1.19.32 h1:eNE0JnIblBo1NCvd3tqEYuZz9XDefn69R74CHd3nT7U=
github.com/aws/aws-sdk-go-v2/credentials v1.19.32/go.mod h1:yYJu+6tqKUYZuJSYcpSGjz/6sV/SUaAaKIufnWKx2OU=
github.com/aws/aws-sdk-go-v2/credentials v1.19.35 h1:Cxua2RVdRwL0sfjHM/SnQoOnQ7xKng9m5EQBO8BnZlg=
github.com/aws/aws-sdk-go-v2/credentials v1.19.35/go.mod h1:9XQ+RSIGPkycr+oCJYnB1uTv5kMVVR+rd2vYK0Hxj2w=
github.com/aws/aws-sdk-go-v2/feature/dynamodb/attributevalue v1.20.56 h1:w5beQVHthv5UT8s1tM7d21s3+TfS3U0Pv3l9GDRmDkI=
github.com/aws/aws-sdk-go-v2/feature/dynamodb/attributevalue v1.20.56/go.mod h1:NqkHpT81ACVq3nNMkoGCLnFh/+2UO3PljF0Uws/zVLY=
github.com/aws/aws-sdk-go-v2/feature/dynamodb/attributevalue v1.20.60 h1:MMLuBaJOTM15UKRsN3twiCcATWC7oVju6WFMsR78nt4=
github.com/aws/aws-sdk-go-v2/feature/dynamodb/attributevalue v1.20.60/go.mod h1:EYMFikP8oMy3nR5uOoC0eZ38MwG186wfbIy3NWfGv8k=
github.com/aws/aws-sdk-go-v2/feature/ec2/imds v1.18.33 h1:MobhiR6KIerWxmO74Zit5I3379+mSc2DOdZ3DeRFB9w=
github.com/aws/aws-sdk-go-v2/feature/ec2/imds v1.18.33/go.mod h1:xu02847OdZfNr/jAfZpHtyRk0b3v4d0kaoxNHxZGG/w=
github.com/aws/aws-sdk-go-v2/feature/ec2/imds v1.18.36 h1:gucL1KH/PAYbpTpBg09CiVpBdTu4qkCl8C7xOTBixUg=
github.com/aws/aws-sdk-go-v2/feature/ec2/imds v1.18.36/go.mod h1:usTB+PHhNMhrx2dxUeHcM7OrT5pySvmjYI++IsefPN0=
github.com/aws/aws-sdk-go-v2/feature/s3/manager v1.22.37 h1:yOm5rq5yr2d5Kqu0GuRs4cThk8BW6ElvEvSfQ/bwOjk=
github.com/aws/aws-sdk-go-v2/feature/s3/manager v1.22.37/go.mod h1:0hQ4udHxw6ioHPvG3euWtIqdW+NUk/gbGUYW8CfbijU=
github.com/aws/aws-sdk-go-v2/feature/s3/manager v1.22.42 h1:UuK6LmQ5GD5JL7x5OY1L9xo93xAQb1wjYOlngNxa9YA=
github.com/aws/aws-sdk-go-v2/feature/s3/manager v1.22.42/go.mod h1:BEYAPq1qDt9iBiEwZr0zJCJIHgGVDz67iV9Hw9D6z58=
github.com/aws/aws-sdk-go-v2/internal/configsources v1.4.34 h1:vuIfjzoeqhQMGJyOBU3t0ZEjn2jrN8Bbg1N4CgjzM5Q=
github.com/aws/aws-sdk-go-v2/internal/configsources v1.4.34/go.mod h1:hP28cN4CPJLZHirdQPrZR50JcLN4ApRJP2tzG8cRlhY=
github.com/aws/aws-sdk-go-v2/internal/configsources v1.4.36 h1:5CrzwxDqf4w3x1Vs3/NiZ0nsC34Hbm3pIDMWbsLebOE=
github.com/aws/aws-sdk-go-v2/internal/configsources v1.4.36/go.mod h1:A3gHdKZIvG/QXERzZwcxNS3RNDFcRCuhhTFBYp+V/nw=
github.com/aws/aws-sdk-go-v2/internal/endpoints/v2 v2.7.34 h1:9faHsnqxJ1vDvB4wMZy/ajIDyz5QhllQjjc72RJpXAw=
github.com/aws/aws-sdk-go-v2/internal/endpoints/v2 v2.7.34/go.mod h1:Yp6nIyejpa23nzlB/LhT63KTla9Jdi06nv/HH/OkAH8=
github.com/aws/aws-sdk-go-v2/internal/endpoints/v2 v2.7.36 h1:A4N2f4YPcST0v+dWtX+xrpPPCL9VTBhoIFFUWYqbacE=
github.com/aws/aws-sdk-go-v2/internal/endpoints/v2 v2.7.36/go.mod h1:B/Qr859uxWUEfZeGotK5KAEoof4Q9YWgNtPSwV6jcyk=
github.com/aws/aws-sdk-go-v2/internal/v4a v1.4.35 h1:Oe8gMKJLO5awqpa5EhAGKVnBv1s+brdWVuxM2mDa7zA=
github.com/aws/aws-sdk-go-v2/internal/v4a v1.4.35/go.mod h1:FZevcG9cOST/FWAAUhHIchjR9fXFXFRCWodOhx+PDLA=
github.com/aws/aws-sdk-go-v2/internal/v4a v1.4.37 h1:oyd3ke4V9AhKcRR7rRgxk1VyI+DjK2CBQtbxh3OkdaA=
github.com/aws/aws-sdk-go-v2/internal/v4a v1.4.37/go.mod h1:aA9D7SqfG9IC1b7FLD7Iyc8Q4JN0a8gHhNjN4zPlIaI=
github.com/aws/aws-sdk-go-v2/service/apigateway v1.42.2 h1:rpYaCtxN/Ix02P2DFjmrGoeUJ8QWy3PV2Mfr82Biqvc=
github.com/aws/aws-sdk-go-v2/service/apigateway v1.42.2/go.mod h1:h60DJR9NW7P2QgmfeiW7/NBXeExXZ6+Xs7QpJ1NmswM=
github.com/aws/aws-sdk-go-v2/service/apigateway v1.42.5 h1:Z+8vxfSQrlz2ixwsZPUgBmoWTlWCt39HxaGeDWJic58=
github.com/aws/aws-sdk-go-v2/service/apigateway v1.42.5/go.mod h1:dGix9no22yIDTfvm4RAC/lCGua6fQp0flRXlxb4+sMs=
github.com/aws/aws-sdk-go-v2/service/apigatewayv2 v1.37.2 h1:zAiwVIjGxsAXXkiHni2uCnDI1Fj7xpeXeAQrwxY9sPA=
github.com/aws/aws-sdk-go-v2/service/apigatewayv2 v1.37.2/go.mod h1:2HTxv22jarLKcqvQS/+47t+gdxxeFyADHsLsUziv96A=
github.com/aws/aws-sdk-go-v2/service/apigatewayv2 v1.37.5 h1:C1fhx+HiMNSrHPVhIroaDPN04qaw1ID5S6QUe1cwyKQ=
github.com/aws/aws-sdk-go-v2/service/apigatewayv2 v1.37.5/go.mod h1:E+G9vwbvE9o4kbFAgZZ+0IZ/xtV4RYSF9trTbSp3hjc=
github.com/aws/aws-sdk-go-v2/service/cloudformation v1.75.2 h1:g+QKM1oKZuNBz9wbaN2rBJozgHOczsxjX4h9JGVVwac=
github.com/aws/aws-sdk-go-v2/service/cloudformation v1.75.2/go.mod h1:bC8WMGKQgvI2Gj+gwL5vhK1Q/6oNtDkmECpklDj4pQ8=
github.com/aws/aws-sdk-go-v2/service/cloudformation v1.76.2 h1:iIYgC11PPrQw8Y0c51Es0sCx29ZGeTZ5ApOpjOo0XEg=
github.com/aws/aws-sdk-go-v2/service/cloudformation v1.76.2/go.mod h1:/w4SlEXtQ5ydMwj3/iy5N2h49mjYb4K8Hs2uzJptFLw=
github.com/aws/aws-sdk-go-v2/service/cloudwatchlogs v1.80.2 h1:9VtBzEaQH2UbwXnDdE4XjVVARk3UUiR+C+BrxYI0LoM=
github.com/aws/aws-sdk-go-v2/service/cloudwatchlogs v1.80.2/go.mod h1:TwfQ8mK+Ixz4dOBlCr1Jtm4iI//+awHQqI3ycr2rhjQ=
github.com/aws/aws-sdk-go-v2/service/cloudwatchlogs v1.82.1 h1:RZmoYM5aORy4KwkyoYDOTaYxE2ZJ28wYS5X/V3RUNfo=
github.com/aws/aws-sdk-go-v2/service/cloudwatchlogs v1.82.1/go.mod h1:2QFUZwZu9xvzoLUbgUYZUTe7zWbTduEcSXLekQiExMQ=
github.com/aws/aws-sdk-go-v2/service/dynamodb v1.62.2 h1:Eq7mCqHwVCHp9NM3hrJCH+qIO/XlSDbzcux5iWqeBRA=
github.com/aws/aws-sdk-go-v2/service/dynamodb v1.62.2/go.mod h1:WXr7sZ4MwgaXGpCYE5x1rhINyablykBgq/sox8unPE8=
github.com/aws/aws-sdk-go-v2/service/dynamodb v1.63.2 h1:XPLNArcyPPBlFphAW0k5bP81oDq3FjuicY1sULuNN2A=
github.com/aws/aws-sdk-go-v2/service/dynamodb v1.63.2/go.mod h1:EtI09l1zaCea6NjQWKYR7OMBtQW2be9NwG6UQHOK72g=
github.com/aws/aws-sdk-go-v2/service/dynamodbstreams v1.36.2 h1:uOj4WPFdBITfvUnUniqe2In4ij82zxZYo5lQ0pvWlqg=
github.com/aws/aws-sdk-go-v2/service/dynamodbstreams v1.36.2/go.mod h1:3iDh0j8sgJSpGBFsbnBPjzksnWK+s/bseLXuLqwclQY=
github.com/aws/aws-sdk-go-v2/service/dynamodbstreams v1.36.5 h1:JCkbdcbjYSm+OmFWpb+FE15JLpzydpUU/3S44ZuRhk4=
github.com/aws/aws-sdk-go-v2/service/dynamodbstreams v1.36.5/go.mod h1:gda4S1QknW8Pb0OM1SBZ+hh3cCFwqSrz4zo7Bp2jLy8=
github.com/aws/aws-sdk-go-v2/service/ec2 v1.318.0 h1:+jtItWSTMhuHmKKYwdjIZLwyq6mxryj8nE8q9Q5l8Cs=
github.com/aws/aws-sdk-go-v2/service/ec2 v1.318.0/go.mod h1:JZSh40UkVtDPcC6QZ4rxqOTMyC1YtQi9sCrhD0FC9Rk=
github.com/aws/aws-sdk-go-v2/service/ec2 v1.321.1 h1:rywWzHJUn9975OI1crMvzPzCPnwm1n5yVmU0HDc/izE=
github.com/aws/aws-sdk-go-v2/service/ec2 v1.321.1/go.mod h1:r6DvSY3Gc51qW84EFQ175rEriqyz9cIOU9zxAGSnb7A=
github.com/aws/aws-sdk-go-v2/service/ecs v1.89.2 h1:8OQdMdSecpeZECz/zaSmgtsodDkcYmeU1ahY//3qnV0=
github.com/aws/aws-sdk-go-v2/service/ecs v1.89.2/go.mod h1:1AMXbi+8LXR7Ra1g6dQXMKlrRzzdt8wI+IGSkUFntPU=
github.com/aws/aws-sdk-go-v2/service/ecs v1.90.1 h1:X6uVy3H1Xg7GK1SGrhwadV0IBIagB5WD/uO7iKr0ZE8=
github.com/aws/aws-sdk-go-v2/service/ecs v1.90.1/go.mod h1:sLTx85N+itmZPBvAufetc8CFCBE5RQSEuiaelJuPyVs=
github.com/aws/aws-sdk-go-v2/service/eks v1.90.3 h1:46DactFO7uoD/h0c4WFzw6oVACLhctcSJZ4eMPdany4=
github.com/aws/aws-sdk-go-v2/service/eks v1.90.3/go.mod h1:oPTAhd5Yclhh4wLbZkqA0o8rEzezH2fEknQlZSaiSsU=
github.com/aws/aws-sdk-go-v2/service/eks v1.90.5 h1:6zYdVZb96zDz7uG6LNh1zcV2yahna+QZ0XFnE7uHTpc=
github.com/aws/aws-sdk-go-v2/service/eks v1.90.5/go.mod h1:frF26xgNHHEOeY4ZZIfYGJGr0s5D39CePqNBG+gDnjY=
github.com/aws/aws-sdk-go-v2/service/elasticloadbalancingv2 v1.58.3 h1:NEhZ+ELSYbHopE48q7NlJ35gY74hp6OCHbmIRxVBsvg=
github.com/aws/aws-sdk-go-v2/service/elasticloadbalancingv2 v1.58.3/go.mod h1:Qm+X2h1G+x7e3RnzXrSZF0btwSPksyjLeceWXmy6CAc=
github.com/aws/aws-sdk-go-v2/service/elasticloadbalancingv2 v1.58.6 h1:P2KzXoV/LpmGl606LpYoOic/sIJZ2rK3ISb0gq55fcI=
github.com/aws/aws-sdk-go-v2/service/elasticloadbalancingv2 v1.58.6/go.mod h1:g7QiYmqwcRBEzNv4wEF1A6iBPFqyo7CottPV9Cy4KuI=
github.com/aws/aws-sdk-go-v2/service/eventbridge v1.48.3 h1:jEkPoRyrlwb2aTKip2xlH2o/YsH+eXdNR6mYY2E36jA=
github.com/aws/aws-sdk-go-v2/service/eventbridge v1.48.3/go.mod h1:T7/gv4S5l/rlXbOtOU5lFvwbhy1REqIUHwVUQG9z8Ws=
github.com/aws/aws-sdk-go-v2/service/eventbridge v1.48.5 h1:pr74r7rrAlxzbNZ3M62sZPkkfVaZv4y0zJAc+zJZdQo=
github.com/aws/aws-sdk-go-v2/service/eventbridge v1.48.5/go.mod h1:KEHNsKgUKn1+HYQDwk/C/yMbu+pR6nyLDZedJJc3lSU=
github.com/aws/aws-sdk-go-v2/service/iam v1.57.0 h1:n8wvZQGLzmMEz1y073wyxdN5uGAGb3fa/k8ZRxpzg4I=
github.com/aws/aws-sdk-go-v2/service/iam v1.57.0/go.mod h1:vXOtv4pXRgGwWMyhblIp2+qI20iajYYlmrzMaIJF86s=
github.com/aws/aws-sdk-go-v2/service/iam v1.58.2 h1:/6iRcqrC6k1rMA6uCZMzFE9inOrBpNmhbrZ90X8qH50=
github.com/aws/aws-sdk-go-v2/service/iam v1.58.2/go.mod h1:Wm74PIQWDrV2tGPFYtwLqh8jZ7JU/rnq/leiC6UI4dg=
github.com/aws/aws-sdk-go-v2/service/internal/accept-encoding v1.13.14 h1:SA43nfaY7+1jjMNIc2ywu99JLJLButtIdLP6j+bT870=
github.com/aws/aws-sdk-go-v2/service/internal/accept-encoding v1.13.14/go.mod h1:Du3llKcwbQvHsTXSLzTOGQz0DTDBMEzdg7DAGu7inrY=
github.com/aws/aws-sdk-go-v2/service/internal/accept-encoding v1.13.16 h1:iE4NGbvqUZnHDqddQAauZzCILYtFjOHwRM5MOOKLB5A=
github.com/aws/aws-sdk-go-v2/service/internal/accept-encoding v1.13.16/go.mod h1:VsjEgrP+ibcou8TlWA4tYaB+0OojuhirsmCe+U60hTA=
github.com/aws/aws-sdk-go-v2/service/internal/checksum v1.9.26 h1:Eflerh7atY6HN0yz60peNLOkJA2ZKUyYjZexMbqwMCE=
github.com/aws/aws-sdk-go-v2/service/internal/checksum v1.9.26/go.mod h1:dCAXNDmik9NuTjfsvCvW22S6ZFpxmtoliFoQu5XFkh8=
github.com/aws/aws-sdk-go-v2/service/internal/checksum v1.9.29 h1:E65Hj648dOV6FuUfI0mYXXhQRHbsi7n+B9h6fZPJO/E=
github.com/aws/aws-sdk-go-v2/service/internal/checksum v1.9.29/go.mod h1:xLrF9yNTCs92VZSpdEd68EJbgcdw3SMR74RO6QDzWHE=
github.com/aws/aws-sdk-go-v2/service/internal/endpoint-discovery v1.12.10 h1:U8hxZsENJZxEh2eWWB6oMnrHr79w1R26zq5etHs2nFI=
github.com/aws/aws-sdk-go-v2/service/internal/endpoint-discovery v1.12.10/go.mod h1:Jg9IjNpuLATk1QdxkiJfBpUCfr69mSRozAlKPTjnmx4=
github.com/aws/aws-sdk-go-v2/service/internal/endpoint-discovery v1.12.13 h1:nAmSoKdE+MqyoA/U7279w/C2oT5C8yfFFqr6hgjM/fs=
github.com/aws/aws-sdk-go-v2/service/internal/endpoint-discovery v1.12.13/go.mod h1:wZqx4Cfe2bX1QRclO6kCX1ZX1fJf2qLmJ22bjbwm2iY=
github.com/aws/aws-sdk-go-v2/service/internal/presigned-url v1.13.33 h1:mqI7OrxN/DUH85F5OqVn3cIfuZ3+HVcebUm2N8mLlgQ=
github.com/aws/aws-sdk-go-v2/service/internal/presigned-url v1.13.33/go.mod h1:eZ5jdEpvaaOU8nWWE4cTAJETSEA5FZoWxvNRao4piHY=
github.com/aws/aws-sdk-go-v2/service/internal/presigned-url v1.13.36 h1:fx2ujmozWn+C/GtfXfz5k6Ckzza40ElOpIW7d92fLWQ=
github.com/aws/aws-sdk-go-v2/service/internal/presigned-url v1.13.36/go.mod h1:QT2ufGVJ+xTRxtXPHTQ1kHkAdWIKPCmD+BqYAXWv8/4=
github.com/aws/aws-sdk-go-v2/service/internal/s3shared v1.19.34 h1:Lercr2QB2rOrCwyOusmnQ7IiopfkGcZAgMJbjcSdK/s=
github.com/aws/aws-sdk-go-v2/service/internal/s3shared v1.19.34/go.mod h1:W0xXPPCb2HAqa3cp2f/nRvE+jGgBmchiuXrfBRlfb1I=
github.com/aws/aws-sdk-go-v2/service/internal/s3shared v1.19.37 h1:KGHa9iZCrgtkOsFfXb0S4ywsjostA/hau7WE9aSb43E=
github.com/aws/aws-sdk-go-v2/service/internal/s3shared v1.19.37/go.mod h1:FV79f0DSnZIEGsQjWenENGtUycrasyAaJZO+zRanLHA=
github.com/aws/aws-sdk-go-v2/service/kms v1.55.2 h1:IoDMH2YObXfIEQRwbWtinQXOqErsyx7Cx73IjpDMKNI=
github.com/aws/aws-sdk-go-v2/service/kms v1.55.2/go.mod h1:LBkxep9UEXaHac8I+GW0PEd87YNcj9B9/GtHiBeSCL8=
github.com/aws/aws-sdk-go-v2/service/kms v1.55.5 h1:49KDQ1f+uLd4TjJiQYygh4S8MbS9sMzwXX1GsTiUKYU=
github.com/aws/aws-sdk-go-v2/service/kms v1.55.5/go.mod h1:+Gq7FXsWQj7NSyBubSxmKN0yM713GYudgGnJIpuNqOo=
github.com/aws/aws-sdk-go-v2/service/lambda v1.101.0 h1:7Ajy3/Uk9NytijLJhGtYY8JCuogbIUFXlX3/yiVlEG4=
github.com/aws/aws-sdk-go-v2/service/lambda v1.101.0/go.mod h1:sARNHpfl6YWc1y4IBQRnYTM9DndQ8JgFTZc6eIM9T0s=
github.com/aws/aws-sdk-go-v2/service/lambda v1.101.3 h1:JxKvYBJCfQ+v2IDHxoE9TAjPs8MwFPuRL29fZxVEez4=
github.com/aws/aws-sdk-go-v2/service/lambda v1.101.3/go.mod h1:Sib34fFU1S2xI6Ft3xEdhCjwKoh3z5GREnIGAOYVXos=
github.com/aws/aws-sdk-go-v2/service/rds v1.123.2 h1:NZG6gr0MJVsL7yHfzR3NP0Xs0rOd8pxFfUsznEtlGpM=
github.com/aws/aws-sdk-go-v2/service/rds v1.123.2/go.mod h1:kcSfjQZRHMtNChl47vdYLr1ohjS2qPtmbT+LNHhe7/o=
github.com/aws/aws-sdk-go-v2/service/rds v1.124.2 h1:qYCAcSBUzQQWUUu7d9AkaJpFB9khH+YV2k+xtPgACtM=
github.com/aws/aws-sdk-go-v2/service/rds v1.124.2/go.mod h1:wUePd59AnbMaomGj+e6NrvJtWG+zY9EefvmCvU9sZ3E=
github.com/aws/aws-sdk-go-v2/service/route53 v1.65.5 h1:7xzkFrCyOao5QI/mMb05RevNjL/T9ZWEkSfEP3x3BIk=
github.com/aws/aws-sdk-go-v2/service/route53 v1.65.5/go.mod h1:QeQx+SJDryB7/afSkkp2x0Thz4UO9PpxRvNBce9XlTY=
github.com/aws/aws-sdk-go-v2/service/route53 v1.65.7 h1:UOoL3uUHKk5LFMlaDN8SZa5IKMFPGrKI4ff5I77xLEw=
github.com/aws/aws-sdk-go-v2/service/route53 v1.65.7/go.mod h1:Mr0ZxxRxQlWlr+iUu8ie9F4n6KUrwir5LdW9Txa88L8=
github.com/aws/aws-sdk-go-v2/service/s3 v1.106.2 h1:lFSYDEyC1JHucMH3fdczMTnDaghqNttyRXKM8JY9EJQ=
github.com/aws/aws-sdk-go-v2/service/s3 v1.106.2/go.mod h1:aw1E7RCjxs5Sd8N6WdICMcMroff12Tzxte+ELXXNqRU=
github.com/aws/aws-sdk-go-v2/service/s3 v1.107.1 h1:VUTtUJMuRNMkb/7NIKmd8NQaeQLPGCMoTJxkYKre4qM=
github.com/aws/aws-sdk-go-v2/service/s3 v1.107.1/go.mod h1:WvUaO0lP5GNMs1R6cs6qvB3mqo16GLta8yfOuf55Rpc=
github.com/aws/aws-sdk-go-v2/service/secretsmanager v1.44.3 h1:SY5cfpu3y6/JU8R0ytvct4t+TMjUdeMrXQzngq4G6k4=
github.com/aws/aws-sdk-go-v2/service/secretsmanager v1.44.3/go.mod h1:AolM5DG9lyCovP0/4C097Fo/UxSxW3VTAusfIu5/xiw=
github.com/aws/aws-sdk-go-v2/service/secretsmanager v1.44.5 h1:Bly2ZxYuCW925rQrAUop7E1bVda2kJQahuqqPUSVjsA=
github.com/aws/aws-sdk-go-v2/service/secretsmanager v1.44.5/go.mod h1:1v44JgDoT1ZSy/b+aACyg4iHb9jTyRsOnybgVmZ5FTM=
github.com/aws/aws-sdk-go-v2/service/signin v1.5.2 h1:EjI1CZzDcBxPkTa3j1BdtIrUDbqnOGssFMeyUS+6W0I=
github.com/aws/aws-sdk-go-v2/service/signin v1.5.2/go.mod h1:vN3eb5H8MEAZ4dx0F5Wc9LT8eb3eW7bZZ5BjGJdbw9k=
github.com/aws/aws-sdk-go-v2/service/signin v1.5.5 h1:0VTFBfOgPJrUSpGMgzoi8qLcXF5dbmiBuxpo14eBWUw=
github.com/aws/aws-sdk-go-v2/service/signin v1.5.5/go.mod h1:sNZYlBxoohYMBYl47BO/bFtAM6I8HSsPa1qwwPPRGoQ=
github.com/aws/aws-sdk-go-v2/service/sns v1.42.2 h1:sG8S3cdfG2+Shse+h8YWTKTrv4sj+48yASyin+YoQHM=
github.com/aws/aws-sdk-go-v2/service/sns v1.42.2/go.mod h1:EHECMrJFM/36j9vLqYP/ksa1js/0Kp5RIzxMEX5Yz1g=
github.com/aws/aws-sdk-go-v2/service/sns v1.42.5 h1:k+1z0Pz6TND5uLttJyXf06ao+8X1vevN15bIaa11wkE=
github.com/aws/aws-sdk-go-v2/service/sns v1.42.5/go.mod h1:5r2Nsw6AeYMKtNpxujt9SBFoAKPC411QiyUO4zvAriE=
github.com/aws/aws-sdk-go-v2/service/sqs v1.46.3 h1:JVu+hDylgSo054x2H/lGukAjxLCf/ER8lAWDL6wraQs=
github.com/aws/aws-sdk-go-v2/service/sqs v1.46.3/go.mod h1:u8maNFJyJolOQFpSAp8gP9nI+S/1WEEVddmvbedYIik=
github.com/aws/aws-sdk-go-v2/service/sqs v1.46.5 h1:k/vdm0VvoLYjwCMXhfgFa0u93QygN//dIAud2m4w51g=
github.com/aws/aws-sdk-go-v2/service/sqs v1.46.5/go.mod h1:TCFydwE7dFonXP+kd641caqfCIXWVdh+tFAu5V5Seks=
github.com/aws/aws-sdk-go-v2/service/sso v1.33.2 h1:zMP1FDFE08L7sM5f1QqkH/ZgKKg8Uc0Dz7KhSSYqWkw=
github.com/aws/aws-sdk-go-v2/service/sso v1.33.2/go.mod h1:0LoIZSUKjdo2BleHfT1hv/jlD33LQS00IrBlzoUsoUQ=
github.com/aws/aws-sdk-go-v2/service/sso v1.33.5 h1:jDQARFp1mJ2PEnllQf01nfFXGfWMJ59e0/HCHUTTZCk=
github.com/aws/aws-sdk-go-v2/service/sso v1.33.5/go.mod h1:OcT2AhgTuxGAwZk5hgxaNLGpS33W8s8dUQadGVDVY9I=
github.com/aws/aws-sdk-go-v2/service/ssooidc v1.38.2 h1:9eTqUYl+SyVmaRPMyBXSO9wwqC6TRwZB82pKENK2hdQ=
github.com/aws/aws-sdk-go-v2/service/ssooidc v1.38.2/go.mod h1:DThweuz22kiLc7lGHop5vQ9c3bx5W6Azs/YqSHa2fu8=
github.com/aws/aws-sdk-go-v2/service/ssooidc v1.38.5 h1:8xo1q9ttkYqMJ6vOXX67FPSpVEI7BWKVTKh77g82w+8=
github.com/aws/aws-sdk-go-v2/service/ssooidc v1.38.5/go.mod h1:hbBeEUrZg6VddXYZpbKPyF0tl4XEnM+Dbx92RW3vmZI=
github.com/aws/aws-sdk-go-v2/service/sts v1.45.2 h1:EJd8vZO3E8SE6nmPqxuxlQ1NeSb8as50sf6eGdV4Saw=
github.com/aws/aws-sdk-go-v2/service/sts v1.45.2/go.mod h1:OgpPvKzsO2Ranjpli/20djMkg6UrV5mw4W3pZpq1Mqo=
github.com/aws/aws-sdk-go-v2/service/sts v1.45.5 h1:eQ5BtXDrPg2wK0AjtVPzeBhUpYPeqHE/ptiH7xJRGek=
github.com/aws/aws-sdk-go-v2/service/sts v1.45.5/go.mod h1:f9ImhnOISY7BuTZLM8qHepCYnglHBVLk5wVzatmP++w=
github.com/aws/smithy-go v1.27.6 h1:0zjT8jgK3jbrTT7JJ3EE6JsMhX8JTrZ+f1sEndYDXrA=
github.com/aws/smithy-go v1.27.6/go.mod h1:YE2RhdIuDbA5E5bTdciG9KrW3+TiEONeUWCqxX9i1Fc=
github.com/aws/smithy-go v1.27.7 h1:Zgj5z4LfcDYoQIVk+n/yGdTkP/2y6ZT5vYxe0fp7bqE=
github.com/aws/smithy-go v1.27.7/go.mod h1:YE2RhdIuDbA5E5bTdciG9KrW3+TiEONeUWCqxX9i1Fc=
github.com/containerd/errdefs v1.0.0 h1:tg5yIfIlQIrxYtu9ajqY42W3lpS19XqdxRQeEwYG8PI=
github.com/containerd/errdefs v1.0.0/go.mod h1:+YBYIdtsnF4Iw6nWZhJcqGSg/dwvV7tyJ/kCkyJ2k+M=
github.com/containerd/errdefs/pkg v0.3.0 h1:9IKJ06FvyNlexW690DXuQNx2KA2cUJXx151Xdx3ZPPE=
github.com/containerd/errdefs/pkg v0.3.0/go.mod h1:NJw6s9HwNuRhnjJhM7pylWwMyAkmCQvQ4GpJHEqRLVk=
github.com/davecgh/go-spew v1.1.1 h1:vj9j/u1bqnvCEfJOwUhtlOARqs3+rkHYY13jYWTU97c=
github.com/davecgh/go-spew v1.1.1/go.mod h1:J7Y8YcW2NihsgmVo/mv3lAwl/skON4iLHjSsI+c5H38=
github.com/distribution/reference v0.6.0 h1:0IXCQ5g4/QMHHkarYzh5l+u8T3t73zM5QvfrDyIgxBk=
github.com/distribution/reference v0.6.0/go.mod h1:BbU0aIcezP1/5jX/8MP0YiH4SdvB5Y4f/wlDRiLyi3E=
github.com/docker/go-connections v0.7.0 h1:6SsRfJddP22WMrCkj19x9WKjEDTB+ahsdiGYf0mN39c=
github.com/docker/go-connections v0.7.0/go.mod h1:no1qkHdjq7kLMGUXYAduOhYPSJxxvgWBh7ogVvptn3Q=
github.com/docker/go-units v0.5.0 h1:69rxXcBk27SvSaaxTtLh/8llcHD8vYHT7WSdRZ/jvr4=
github.com/docker/go-units v0.5.0/go.mod h1:fgPhTUdO+D/Jk86RDLlptpiXQzgHJF7gydDDbaIK4Dk=
github.com/dustin/go-humanize v1.0.1 h1:GzkhY7T5VNhEkwH0PVJgjz+fX1rhBrR7pRT3mDkpeCY=
github.com/dustin/go-humanize v1.0.1/go.mod h1:Mu1zIs6XwVuF/gI1OepvI0qD18qycQx+mFykh5fBlto=
github.com/felixge/httpsnoop v1.0.4 h1:NFTV2Zj1bL4mc9sqWACXbQFVBBg2W3GPvqp8/ESS2Wg=
github.com/felixge/httpsnoop v1.0.4/go.mod h1:m8KPJKqk1gH5J9DgRY2ASl2lWCfGKXixSwevea8zH2U=
github.com/go-logr/logr v1.2.2/go.mod h1:jdQByPbusPIv2/zmleS9BjJVeZ6kBagPoEUsqbVz/1A=
github.com/go-logr/logr v1.4.2 h1:6pFjapn8bFcIbiKo3XT4j/BhANplGihG6tvd+8rYgrY=
github.com/go-logr/logr v1.4.2/go.mod h1:9T104GzyrTigFIr8wt5mBrctHMim0Nb2HLGrmQ40KvY=
github.com/go-logr/stdr v1.2.2 h1:hSWxHoqTgW2S2qGc0LTAI563KZ5YKYRhT3MFKZMbjag=
github.com/go-logr/stdr v1.2.2/go.mod h1:mMo/vtBO5dYbehREoey6XUKy/eSumjCCveDpRre4VKE=
github.com/go-test/deep v1.0.3 h1:ZrJSEWsXzPOxaZnFteGEfooLba+ju3FYIbOrS+rQd68=
github.com/go-test/deep v1.0.3/go.mod h1:wGDj63lr65AM2AQyKZd/NYHGb0R+1RLqB8NKt3aSFNA=
github.com/golang-jwt/jwt/v5 v5.3.1 h1:kYf81DTWFe7t+1VvL7eS+jKFVWaUnK9cB1qbwn63YCY=
github.com/golang-jwt/jwt/v5 v5.3.1/go.mod h1:fxCRLWMO43lRc8nhHWY6LGqRcf+1gQWArsqaEUEa5bE=
github.com/google/go-cmp v0.7.0 h1:wk8382ETsv4JYUZwIsn6YpYiWiBsYLSJiTsyBybVuN8=
github.com/google/go-cmp v0.7.0/go.mod h1:pXiqmnSA92OHEEa9HXL2W4E7lf9JzCmGVUdgjX3N/iU=
github.com/google/pprof v0.0.0-20250317173921-a4b03ec1a45e h1:ijClszYn+mADRFY17kjQEVQ1XRhq2/JR1M3sGqeJoxs=
github.com/google/pprof v0.0.0-20250317173921-a4b03ec1a45e/go.mod h1:boTsfXsheKC2y+lKOCMpSfarhxDeIzfZG1jqGcPl3cA=
github.com/google/uuid v1.6.0 h1:NIvaJDMOsjHA8n1jAhLSgzrAzy1Hgr+hNrb57e+94F0=
github.com/google/uuid v1.6.0/go.mod h1:TIyPZe4MgqvfeYDBFedMoGGpEw/LqOeaOT+nhxU+yHo=
github.com/hashicorp/golang-lru/v2 v2.0.7 h1:a+bsQ5rvGLjzHuww6tVxozPZFVghXaHOwFs4luLUK2k=
github.com/hashicorp/golang-lru/v2 v2.0.7/go.mod h1:QeFd9opnmA6QUJc5vARoKUSoFhyfM2/ZepoAG6RGpeM=
github.com/hashicorp/hcl v0.0.0-20170504190234-a4b07c25de5f h1:UdxlrJz4JOnY8W+DbLISwf2B8WXEolNRA8BGCwI9jws=
github.com/hashicorp/hcl v0.0.0-20170504190234-a4b07c25de5f/go.mod h1:oZtUIOe8dh44I2q6ScRibXws4Ajl+d+nod3AaR9vL5w=
github.com/hashicorp/hcl/v2 v2.20.1 h1:M6hgdyz7HYt1UN9e61j+qKJBqR3orTWbI1HKBJEdxtc=
github.com/hashicorp/hcl/v2 v2.20.1/go.mod h1:TZDqQ4kNKCbh1iJp99FdPiUaVDDUPivbqxZulxDYqL4=
github.com/hashicorp/terraform-config-inspect v0.0.0-20260709150029-2fb54c236733 h1:e1CDVoHQG7iqZvWK6EY7gWOVg70z9zDy6PseAAoSEJY=
github.com/hashicorp/terraform-config-inspect v0.0.0-20260709150029-2fb54c236733/go.mod h1:Gz/z9Hbn+4KSp8A2FBtNszfLSdT2Tn/uAKGuVqqWmDI=
github.com/kr/pretty v0.3.1 h1:flRD4NNwYAUpkphVc1HcthR4KEIFJ65n8Mw5qdRn3LE=
github.com/kr/pretty v0.3.1/go.mod h1:hoEshYVHaxMs3cyo3Yncou5ZscifuDolrwPKZanG3xk=
github.com/kr/text v0.2.0 h1:5Nx0Ya0ZqY2ygV366QzturHI13Jq95ApcVaJBhpS+AY=
github.com/kr/text v0.2.0/go.mod h1:eLer722TekiGuMkidMxC/pM04lWEeraHUUmBw8l2grE=
github.com/kylelemons/godebug v1.1.0 h1:RPNrshWIDI6G2gRW9EHilWtl7Z6Sb1BR0xunSBf0SNc=
github.com/kylelemons/godebug v1.1.0/go.mod h1:9/0rRGxNHcop5bhtWyNeEfOS8JIWk580+fNqagV/RAw=
github.com/mattn/go-isatty v0.0.20 h1:xfD0iDuEKnDkl03q4limB+vH+GxLEtL/jb4xVJSWWEY=
github.com/mattn/go-isatty v0.0.20/go.mod h1:W+V8PltTTMOvKvAeJH7IuucS94S2C6jfK/D7dTCTo3Y=
github.com/mattn/go-isatty v0.0.24 h1:tGZZoVgT/KiqK1c8ocVLeDS8BSWMRd47J3Lbz7vsReI=
github.com/mattn/go-isatty v0.0.24/go.mod h1:nMCL3Zebbrt45jsMDgnfIwz6ydEQApk5oEI3HqDio6A=
github.com/mitchellh/go-wordwrap v1.0.0 h1:6GlHJ/LTGMrIJbwgdqdl2eEH8o+Exx/0m8ir9Gns0u4=
github.com/mitchellh/go-wordwrap v1.0.0/go.mod h1:ZXFpozHsX6DPmq2I0TCekCxypsnAUbP2oI0UX1GXzOo=
github.com/moby/docker-image-spec v1.3.1 h1:jMKff3w6PgbfSa69GfNg+zN/XLhfXJGnEx3Nl2EsFP0=
github.com/moby/docker-image-spec v1.3.1/go.mod h1:eKmb5VW8vQEh/BAr2yvVNvuiJuY6UIocYsFu/DxxRpo=
github.com/moby/moby/api v1.55.0 h1:2/sexvQyqIWS8pRSCFddBfpW2qE7vR7FCL+vN8pxwMc=
github.com/moby/moby/api v1.55.0/go.mod h1:+RQ6wluLwtYaTd1WnPLykIDPekkuyD/ROWQClE83pzs=
github.com/moby/moby/client v0.5.0 h1:5XhyPk2fuOWf6RlSFa3MkIIgDZkF25xToXW8Q/BH7cc=
github.com/moby/moby/client v0.5.0/go.mod h1:rcVpF8ncl9vo5gaIBdol6CnbEtSj1uxMvEV/UrykF/s=
github.com/ncruces/go-strftime v1.0.0 h1:HMFp8mLCTPp341M/ZnA4qaf7ZlsbTc+miZjCLOFAw7w=
github.com/ncruces/go-strftime v1.0.0/go.mod h1:Fwc5htZGVVkseilnfgOVb9mKy6w1naJmn9CehxcKcls=
github.com/opencontainers/go-digest v1.0.0 h1:apOUWs51W5PlhuyGyz9FCeeBIOUDA/6nW8Oi/yOhh5U=
github.com/opencontainers/go-digest v1.0.0/go.mod h1:0JzlMkj0TRzQZfJkVvzbP0HBR3IKzErnv2BNG4W4MAM=
github.com/opencontainers/image-spec v1.1.1 h1:y0fUlFfIZhPF1W537XOLg0/fcx6zcHCJwooC2xJA040=
github.com/opencontainers/image-spec v1.1.1/go.mod h1:qpqAh3Dmcf36wStyyWU+kCeDgrGnAve2nCC8+7h8Q0M=
github.com/pkg/browser v0.0.0-20240102092130-5ac0b6a4141c h1:+mdjkGKdHQG3305AYmdv1U2eRNDiU2ErMBj1gwrq8eQ=
github.com/pkg/browser v0.0.0-20240102092130-5ac0b6a4141c/go.mod h1:7rwL4CYBLnjLxUqIJNnCWiEdr3bn6IUYi15bNlnbCCU=
github.com/pmezard/go-difflib v1.0.0 h1:4DBwDE0NGyQoBHbLQYPwSUPoCMWR5BEzIk/f1lZbAQM=
github.com/pmezard/go-difflib v1.0.0/go.mod h1:iKH77koFhYxTK1pcRnkKkqfTogsbg7gZNVY4sRDYZ/4=
github.com/remyoudompheng/bigfft v0.0.0-20230129092748-24d4a6f8daec h1:W09IVJc94icq4NjY3clb7Lk8O1qJ8BdBEF8z0ibU0rE=
github.com/remyoudompheng/bigfft v0.0.0-20230129092748-24d4a6f8daec/go.mod h1:qqbHyh8v60DhA7CoWK5oRCqLrMHRGoxYCSS9EjAz6Eo=
github.com/rogpeppe/go-internal v1.13.1 h1:KvO1DLK/DRN07sQ1LQKScxyZJuNnedQ5/wKSR38lUII=
github.com/rogpeppe/go-internal v1.13.1/go.mod h1:uMEvuHeurkdAXX61udpOXGD/AzZDWNMNyH2VO9fmH0o=
github.com/stretchr/testify v1.11.1 h1:7s2iGBzp5EwR7/aIZr8ao5+dra3wiQyKjjFuvgVKu7U=
github.com/stretchr/testify v1.11.1/go.mod h1:wZwfW3scLgRK+23gO65QZefKpKQRnfz6sD981Nm4B6U=
github.com/zclconf/go-cty v1.14.4 h1:uXXczd9QDGsgu0i/QFR/hzI5NYCHLf6NQw/atrbnhq8=
github.com/zclconf/go-cty v1.14.4/go.mod h1:VvMs5i0vgZdhYawQNq5kePSpLAoz8u1xvZgrPIxfnZE=
github.com/zclconf/go-cty-debug v0.0.0-20191215020915-b22d67c1ba0b h1:FosyBZYxY34Wul7O/MSKey3txpPYyCqVO5ZyceuQJEI=
github.com/zclconf/go-cty-debug v0.0.0-20191215020915-b22d67c1ba0b/go.mod h1:ZRKQfBXbGkpdV6QMzT3rU1kSTAnfu1dO8dPKjYprgj8=
go.opentelemetry.io/auto/sdk v1.1.0 h1:cH53jehLUN6UFLY71z+NDOiNJqDdPRaXzTel0sJySYA=
go.opentelemetry.io/auto/sdk v1.1.0/go.mod h1:3wSPjt5PWp2RhlCcmmOial7AvC4DQqZb7a7wCow3W8A=
go.opentelemetry.io/contrib/instrumentation/net/http/otelhttp v0.60.0 h1:sbiXRNDSWJOTobXh5HyQKjq6wUC5tNybqjIqDpAY4CU=
go.opentelemetry.io/contrib/instrumentation/net/http/otelhttp v0.60.0/go.mod h1:69uWxva0WgAA/4bu2Yy70SLDBwZXuQ6PbBpbsa5iZrQ=
go.opentelemetry.io/otel v1.35.0 h1:xKWKPxrxB6OtMCbmMY021CqC45J+3Onta9MqjhnusiQ=
go.opentelemetry.io/otel v1.35.0/go.mod h1:UEqy8Zp11hpkUrL73gSlELM0DupHoiq72dR+Zqel/+Y=
go.opentelemetry.io/otel/metric v1.35.0 h1:0znxYu2SNyuMSQT4Y9WDWej0VpcsxkuklLa4/siN90M=
go.opentelemetry.io/otel/metric v1.35.0/go.mod h1:nKVFgxBZ2fReX6IlyW28MgZojkoAkJGaE8CpgeAU3oE=
go.opentelemetry.io/otel/sdk v1.35.0 h1:iPctf8iprVySXSKJffSS79eOjl9pvxV9ZqOWT0QejKY=
go.opentelemetry.io/otel/sdk v1.35.0/go.mod h1:+ga1bZliga3DxJ3CQGg3updiaAJoNECOgJREo9KHGQg=
go.opentelemetry.io/otel/sdk/metric v1.35.0 h1:1RriWBmCKgkeHEhM7a2uMjMUfP7MsOF5JpUCaEqEI9o=
go.opentelemetry.io/otel/sdk/metric v1.35.0/go.mod h1:is6XYCUMpcKi+ZsOvfluY5YstFnhW0BidkR+gL+qN+w=
go.opentelemetry.io/otel/trace v1.35.0 h1:dPpEfJu1sDIqruz7BHFG3c7528f6ddfSWfFDVt/xgMs=
go.opentelemetry.io/otel/trace v1.35.0/go.mod h1:WUk7DtFp1Aw2MkvqGdwiXYDZZNvA/1J8o6xRXLrIkyc=
golang.org/x/crypto v0.53.0 h1:QZ4Muo8THX6CizN2vPPd5fBGHyogrdK9fG4wLPFUsto=
golang.org/x/crypto v0.53.0/go.mod h1:DNLU434OwVakk9PzuwV8w62mAJpRJL3vsgcfp4Qnsio=
golang.org/x/mod v0.38.0 h1:MECBjubtXD7yj4HrhIUcywNaGeNVUdfVnxmPajOk4yk=
golang.org/x/mod v0.38.0/go.mod h1:V6Xz0pq8TQ3dGqVQ1FVHuelZpAL0uNhSkk9ogYP3c40=
golang.org/x/net v0.56.0 h1:Rw8j/hFzGvJUZwNBXnAtf5sVDVt+65SK2C7IxCxZt5o=
golang.org/x/net v0.56.0/go.mod h1:D3Ku6r+V6JROoZK144D2XfMHFcMq/0zSfLelVTCFKec=
golang.org/x/sync v0.21.0 h1:HLII4xRRTtCRkxYp4HNFF0Js/Og6q2i++KXbg0gHCwM=
golang.org/x/sync v0.21.0/go.mod h1:9xrNwdLfx4jkKbNva9FpL6vEN7evnE43NNNJQ2LF3+0=
golang.org/x/sys v0.6.0/go.mod h1:oPkhp1MJrh7nUepCBck5+mAzfO9JrbApNNgaTdGDITg=
golang.org/x/sys v0.47.0 h1:o7XGOvZQCADBQQ4Y7VNq2dRWQR7JmOUW8Kxx4ZsNgWs=
golang.org/x/sys v0.47.0/go.mod h1:4GL1E5IUh+htKOUEOaiffhrAeqysfVGipDYzABqnCmw=
golang.org/x/text v0.39.0 h1:UbZz4pLOvn600D6Oh6GGEI6VAmndrEBLv8/6BEXzyus=
golang.org/x/text v0.39.0/go.mod h1:3UwRclnC2g0TU9x8PZiyfOajCd1zaUNHF9cvqcQZ+ZM=
golang.org/x/tools v0.47.0 h1:7Kn5x/d1svx/PzryTsqeoZN4TZwqeH5pGWjefhLi/1Q=
golang.org/x/tools v0.47.0/go.mod h1:dFHnyTvFWY212G+h7ZY4Vsp/K3U4/7W9TyVaAul8uCA=
gopkg.in/check.v1 v0.0.0-20161208181325-20d25e280405/go.mod h1:Co6ibVJAznAaIkqp8huTwlJQCZ016jof/cbN4VW5Yz0=
gopkg.in/check.v1 v1.0.0-20201130134442-10cb98267c6c h1:Hei/4ADfdWqJk1ZMxUNpqntNwaWcugrBjAiHlqqRiVk=
gopkg.in/check.v1 v1.0.0-20201130134442-10cb98267c6c/go.mod h1:JHkPIbrfpd72SG/EVd6muEfDQjcINNoR0C8j2r3qZ4Q=
gopkg.in/yaml.v3 v3.0.1 h1:fxVm/GzAzEWqLHuvctI91KS9hhNmmWOoWu0XTYJS7CA=
gopkg.in/yaml.v3 v3.0.1/go.mod h1:K4uyk7z7BCEPqu6E+C64Yfv1cQ7kz7rIZviUmN+EgEM=
gotest.tools/v3 v3.5.2 h1:7koQfIKdy+I8UTetycgUqXWSDwpgv193Ka+qRsmBY8Q=
gotest.tools/v3 v3.5.2/go.mod h1:LtdLGcnqToBH83WByAAi/wiwSFCArdFIUV/xxN4pcjA=
modernc.org/cc/v4 v4.29.0 h1:CXgwL8cvxmyzBQZzbSl/6xFtMCryb6u8IOqDci39cgc=
modernc.org/cc/v4 v4.29.0/go.mod h1:OnovgIhbbMXMu1aISnJ0wvVD1KnW+cAUJkIrAWh+kVI=
modernc.org/ccgo/v4 v4.34.6 h1:sBgfIwyN0TQ9C5hwIeuqyeAKyMWnbvj2fvpF4L11uzU=
modernc.org/ccgo/v4 v4.34.6/go.mod h1:SZ8YcN9NG7XVsQYdm6jYBvi8PQP1qi+kqB6OhjqI3Fk=
modernc.org/fileutil v1.4.0 h1:j6ZzNTftVS054gi281TyLjHPp6CPHr2KCxEXjEbD6SM=
modernc.org/fileutil v1.4.0/go.mod h1:EqdKFDxiByqxLk8ozOxObDSfcVOv/54xDs/DUHdvCUU=
modernc.org/gc/v2 v2.6.5 h1:nyqdV8q46KvTpZlsw66kWqwXRHdjIlJOhG6kxiV/9xI=
modernc.org/gc/v2 v2.6.5/go.mod h1:YgIahr1ypgfe7chRuJi2gD7DBQiKSLMPgBQe9oIiito=
modernc.org/gc/v3 v3.1.4 h1:2g65LGVSmFQrXeITAw97x7hCRvZFcyE1uDP+7Vng7JI=
modernc.org/gc/v3 v3.1.4/go.mod h1:HFK/6AGESC7Ex+EZJhJ2Gni6cTaYpSMmU/cT9RmlfYY=
modernc.org/goabi0 v0.2.0 h1:HvEowk7LxcPd0eq6mVOAEMai46V+i7Jrj13t4AzuNks=
modernc.org/goabi0 v0.2.0/go.mod h1:CEFRnnJhKvWT1c1JTI3Avm+tgOWbkOu5oPA8eH8LnMI=
modernc.org/libc v1.74.1 h1:bdR4VTKFMC4966QSNZ05XLGI/VwzVa2kTUX51Dm0riQ=
modernc.org/libc v1.74.1/go.mod h1:uH4t5bOx3G3g9Xcmj10YKlTcVISlRDwv8VoQJG9n8Os=
modernc.org/libc v1.74.4 h1:fX1Omw4o2/1C2iRkkIsrQTasJQldLhRmuPreXLoWs9k=
modernc.org/libc v1.74.4/go.mod h1:eeQAS9W3sZeKYMFubydxJpII9ybHWshk+7or7bLG9co=
modernc.org/mathutil v1.7.1 h1:GCZVGXdaN8gTqB1Mf/usp1Y/hSqgI2vAGGP4jZMCxOU=
modernc.org/mathutil v1.7.1/go.mod h1:4p5IwJITfppl0G4sUEDtCr4DthTaT47/N3aT6MhfgJg=
modernc.org/memory v1.11.0 h1:o4QC8aMQzmcwCK3t3Ux/ZHmwFPzE6hf2Y5LbkRs+hbI=
modernc.org/memory v1.11.0/go.mod h1:/JP4VbVC+K5sU2wZi9bHoq2MAkCnrt2r98UGeSK7Mjw=
modernc.org/opt v0.2.0 h1:tGyef5ApycA7FSEOMraay9SaTk5zmbx7Tu+cJs4QKZg=
modernc.org/opt v0.2.0/go.mod h1:03fq9lsNfvkYSfxrfUhZCWPk1lm4cq4N+Bh//bEtgns=
modernc.org/sortutil v1.2.1 h1:+xyoGf15mM3NMlPDnFqrteY07klSFxLElE2PVuWIJ7w=
modernc.org/sortutil v1.2.1/go.mod h1:7ZI3a3REbai7gzCLcotuw9AC4VZVpYMjDzETGsSMqJE=
modernc.org/sqlite v1.54.0 h1:JCxR4qwkJvOaqAoYcgDoO25Nc+ROg6EJ2LfBVzdrgog=
modernc.org/sqlite v1.54.0/go.mod h1:4ntCLuNmnH8+GNqjka1wNg7KJd5/Hi5FYp8K+XQ7GZw=
modernc.org/sqlite v1.56.0 h1:/D8e2RfFqoy/Zc6PuC76U28zFwmI/sYx1Kjm4yEn9e0=
modernc.org/sqlite v1.56.0/go.mod h1:yCJ2cmAaIkHQ25oXWrF8H4O1lIfPYPR26yCEDj2P3pQ=
modernc.org/strutil v1.2.1 h1:UneZBkQA+DX2Rp35KcM69cSsNES9ly8mQWD71HKlOA0=
modernc.org/strutil v1.2.1/go.mod h1:EHkiggD70koQxjVdSBM3JKM7k6L0FbGE5eymy9i3B9A=
modernc.org/token v1.1.0 h1:Xl7Ap9dKaEs5kLoOQeQmPWevfnk/DM5qcLcYlA8ys6Y=
modernc.org/token v1.1.0/go.mod h1:UGzOrNV1mAFSEB63lOFHIpNRUVMvYTc6yu1SMY/XTDM=
pgregory.net/rapid v1.2.0 h1:keKAYRcjm+e1F0oAuU5F5+YPAWcyxNNRK2wud503Gnk=
pgregory.net/rapid v1.2.0/go.mod h1:PY5XlDGj0+V1FCq0o192FdRhpKHGTRIWBgqjDBTrq04=
